{
  "name": "jsmodes",
  "version": "1.0.0",
  "lockfileVersion": 2,
  "requires": true,
  "packages": {
    "": {
      "name": "jsmodes",
      "version": "1.0.0",
      "license": "ISC",
      "dependencies": {
        "is-close": "^1.3.3"
      }
    },
    "node_modules/is-close": {
      "version": "1.3.3",
      "resolved": "https://registry.npmjs.org/is-close/-/is-close-1.3.3.tgz",
      "integrity": "sha512-Q8pmIuDS2BUAj9NElFDxKNv11JXWqXNVa5+i3kjWmT0r2SVxVkXmBCexBuooPS4r59C5F3STMi5thXKP56/FIg=="
    }
  },
  "dependencies": {
    "is-close": {
      "version": "1.3.3",
      "resolved": "https://registry.npmjs.org/is-close/-/is-close-1.3.3.tgz",
      "integrity": "sha512-Q8pmIuDS2BUAj9NElFDxKNv11JXWqXNVa5+i3kjWmT0r2SVxVkXmBCexBuooPS4r59C5F3STMi5thXKP56/FIg=="
    }
  }
}
